// !$*UTF8*$!
{
	archiveVersion = 1;
	classes = {
	};
	objectVersion = 56;
	objects = {

/* Begin PBXBuildFile section */
		7F0EA8CC29B5DD97002B4B1D /* AllergySelectionView.swift in Sources */ = {isa = PBXBuildFile; fileRef = 7F0EA8CB29B5DD97002B4B1D /* AllergySelectionView.swift */; };
		7F1DAAF629AF7CC3008BF061 /* AllergyCheckApp.swift in Sources */ = {isa = PBXBuildFile; fileRef = 7F1DAAF529AF7CC3008BF061 /* AllergyCheckApp.swift */; };
		7F1DAAF829AF7CC3008BF061 /* ContentView.swift in Sources */ = {isa = PBXBuildFile; fileRef = 7F1DAAF729AF7CC3008BF061 /* ContentView.swift */; };
		7F1DAAFA29AF7CC5008BF061 /* Assets.xcassets in Resources */ = {isa = PBXBuildFile; fileRef = 7F1DAAF929AF7CC5008BF061 /* Assets.xcassets */; };
		7F1DAAFD29AF7CC5008BF061 /* Preview Assets.xcassets in Resources */ = {isa = PBXBuildFile; fileRef = 7F1DAAFC29AF7CC5008BF061 /* Preview Assets.xcassets */; };
		7F53D4ED29B5EE7A00B49667 /* allergies.json in Resources */ = {isa = PBXBuildFile; fileRef = 7F53D4EC29B5EE7900B49667 /* allergies.json */; };
		7F6108E829B72A70005422CD /* Allergy.swift in Sources */ = {isa = PBXBuildFile; fileRef = 7F6108E729B72A70005422CD /* Allergy.swift */; };
		7F6108EA29B72C93005422CD /* Bundle-Decode.swift in Sources */ = {isa = PBXBuildFile; fileRef = 7F6108E929B72C93005422CD /* Bundle-Decode.swift */; };
		7F6108EC29B763F7005422CD /* products.json in Resources */ = {isa = PBXBuildFile; fileRef = 7F6108EB29B763F7005422CD /* products.json */; };
		7F6108F229B77375005422CD /* MainView.swift in Sources */ = {isa = PBXBuildFile; fileRef = 7F6108F129B77375005422CD /* MainView.swift */; };
		A22F8C8229B867C000BCB95B /* SwitchAOff.aif in Resources */ = {isa = PBXBuildFile; fileRef = A22F8C8029B867BF00BCB95B /* SwitchAOff.aif */; };
		A22F8C8329B867C000BCB95B /* SwitchAOn.aif in Resources */ = {isa = PBXBuildFile; fileRef = A22F8C8129B867C000BCB95B /* SwitchAOn.aif */; };
		A22F8C8529B867D400BCB95B /* PlaySound.swift in Sources */ = {isa = PBXBuildFile; fileRef = A22F8C8429B867D300BCB95B /* PlaySound.swift */; };
		A22F8C8929B867EA00BCB95B /* SettingsView.swift in Sources */ = {isa = PBXBuildFile; fileRef = A22F8C8729B867EA00BCB95B /* SettingsView.swift */; };
		A22F8C8B29B867FD00BCB95B /* AllergySettingsView.swift in Sources */ = {isa = PBXBuildFile; fileRef = A22F8C8A29B867FD00BCB95B /* AllergySettingsView.swift */; };
/* End PBXBuildFile section */

/* Begin PBXFileReference section */
		7F0EA8CB29B5DD97002B4B1D /* AllergySelectionView.swift */ = {isa = PBXFileReference; lastKnownFileType = sourcecode.swift; path = AllergySelectionView.swift; sourceTree = "<group>"; };
		7F1DAAF229AF7CC3008BF061 /* AllergyCheck.app */ = {isa = PBXFileReference; explicitFileType = wrapper.application; includeInIndex = 0; path = AllergyCheck.app; sourceTree = BUILT_PRODUCTS_DIR; };
		7F1DAAF529AF7CC3008BF061 /* AllergyCheckApp.swift */ = {isa = PBXFileReference; lastKnownFileType = sourcecode.swift; path = AllergyCheckApp.swift; sourceTree = "<group>"; };
		7F1DAAF729AF7CC3008BF061 /* ContentView.swift */ = {isa = PBXFileReference; lastKnownFileType = sourcecode.swift; path = ContentView.swift; sourceTree = "<group>"; };
		7F1DAAF929AF7CC5008BF061 /* Assets.xcassets */ = {isa = PBXFileReference; lastKnownFileType = folder.assetcatalog; path = Assets.xcassets; sourceTree = "<group>"; };
		7F1DAAFC29AF7CC5008BF061 /* Preview Assets.xcassets */ = {isa = PBXFileReference; lastKnownFileType = folder.assetcatalog; path = "Preview Assets.xcassets"; sourceTree = "<group>"; };
		7F53D4EC29B5EE7900B49667 /* allergies.json */ = {isa = PBXFileReference; lastKnownFileType = text.json; path = allergies.json; sourceTree = "<group>"; };
		7F6108E729B72A70005422CD /* Allergy.swift */ = {isa = PBXFileReference; lastKnownFileType = sourcecode.swift; path = Allergy.swift; sourceTree = "<group>"; };
		7F6108E929B72C93005422CD /* Bundle-Decode.swift */ = {isa = PBXFileReference; lastKnownFileType = sourcecode.swift; path = "Bundle-Decode.swift"; sourceTree = "<group>"; };
		7F6108EB29B763F7005422CD /* products.json */ = {isa = PBXFileReference; lastKnownFileType = text.json; path = products.json; sourceTree = "<group>"; };
		7F6108F129B77375005422CD /* MainView.swift */ = {isa = PBXFileReference; lastKnownFileType = sourcecode.swift; path = MainView.swift; sourceTree = "<group>"; };
		A22F8C8029B867BF00BCB95B /* SwitchAOff.aif */ = {isa = PBXFileReference; lastKnownFileType = file; path = SwitchAOff.aif; sourceTree = "<group>"; };
		A22F8C8129B867C000BCB95B /* SwitchAOn.aif */ = {isa = PBXFileReference; lastKnownFileType = file; path = SwitchAOn.aif; sourceTree = "<group>"; };
		A22F8C8429B867D300BCB95B /* PlaySound.swift */ = {isa = PBXFileReference; fileEncoding = 4; lastKnownFileType = sourcecode.swift; path = PlaySound.swift; sourceTree = "<group>"; };
		A22F8C8729B867EA00BCB95B /* SettingsView.swift */ = {isa = PBXFileReference; fileEncoding = 4; lastKnownFileType = sourcecode.swift; path = SettingsView.swift; sourceTree = "<group>"; };
		A22F8C8A29B867FD00BCB95B /* AllergySettingsView.swift */ = {isa = PBXFileReference; fileEncoding = 4; lastKnownFileType = sourcecode.swift; path = AllergySettingsView.swift; sourceTree = "<group>"; };
/* End PBXFileReference section */

/* Begin PBXFrameworksBuildPhase section */
		7F1DAAEF29AF7CC3008BF061 /* Frameworks */ = {
			isa = PBXFrameworksBuildPhase;
			buildActionMask = 2147483647;
			files = (
			);
			runOnlyForDeploymentPostprocessing = 0;
		};
/* End PBXFrameworksBuildPhase section */

/* Begin PBXGroup section */
		7F1DAAE929AF7CC3008BF061 = {
			isa = PBXGroup;
			children = (
				7F1DAAF429AF7CC3008BF061 /* AllergyCheck */,
				7F1DAAF329AF7CC3008BF061 /* Products */,
			);
			sourceTree = "<group>";
		};
		7F1DAAF329AF7CC3008BF061 /* Products */ = {
			isa = PBXGroup;
			children = (
				7F1DAAF229AF7CC3008BF061 /* AllergyCheck.app */,
			);
			name = Products;
			sourceTree = "<group>";
		};
		7F1DAAF429AF7CC3008BF061 /* AllergyCheck */ = {
			isa = PBXGroup;
			children = (
				A22F8C9029B86B0300BCB95B /* Data */,
				A22F8C8F29B86ABA00BCB95B /* Model */,
				A22F8C8D29B86A8D00BCB95B /* Helpers */,
				A22F8C8C29B86A5100BCB95B /* Views */,
				A2D8306729B866FE00D156CA /* Sounds */,
				7F1DAAF529AF7CC3008BF061 /* AllergyCheckApp.swift */,
				7F1DAAF929AF7CC5008BF061 /* Assets.xcassets */,
				7F1DAAFB29AF7CC5008BF061 /* Preview Content */,
			);
			path = AllergyCheck;
			sourceTree = "<group>";
		};
		7F1DAAFB29AF7CC5008BF061 /* Preview Content */ = {
			isa = PBXGroup;
			children = (
				7F1DAAFC29AF7CC5008BF061 /* Preview Assets.xcassets */,
			);
			path = "Preview Content";
			sourceTree = "<group>";
		};
		A22F8C8C29B86A5100BCB95B /* Views */ = {
			isa = PBXGroup;
			children = (
				7F6108F129B77375005422CD /* MainView.swift */,
				7F1DAAF729AF7CC3008BF061 /* ContentView.swift */,
				7F0EA8CB29B5DD97002B4B1D /* AllergySelectionView.swift */,
				A22F8C8729B867EA00BCB95B /* SettingsView.swift */,
				A22F8C8A29B867FD00BCB95B /* AllergySettingsView.swift */,
			);
			path = Views;
			sourceTree = "<group>";
		};
		A22F8C8D29B86A8D00BCB95B /* Helpers */ = {
			isa = PBXGroup;
			children = (
				7F6108E929B72C93005422CD /* Bundle-Decode.swift */,
				A22F8C8429B867D300BCB95B /* PlaySound.swift */,
			);
			path = Helpers;
			sourceTree = "<group>";
		};
		A22F8C8F29B86ABA00BCB95B /* Model */ = {
			isa = PBXGroup;
			children = (
				7F6108E729B72A70005422CD /* Allergy.swift */,
			);
			path = Model;
			sourceTree = "<group>";
		};
		A22F8C9029B86B0300BCB95B /* Data */ = {
			isa = PBXGroup;
			children = (
				7F6108EB29B763F7005422CD /* products.json */,
				7F53D4EC29B5EE7900B49667 /* allergies.json */,
			);
			path = Data;
			sourceTree = "<group>";
		};
		A2D8306729B866FE00D156CA /* Sounds */ = {
			isa = PBXGroup;
			children = (
				A22F8C8029B867BF00BCB95B /* SwitchAOff.aif */,
				A22F8C8129B867C000BCB95B /* SwitchAOn.aif */,
			);
			name = Sounds;
			path = AllergyCheck/Sounds;
			sourceTree = SOURCE_ROOT;
		};
/* End PBXGroup section */

/* Begin PBXNativeTarget section */
		7F1DAAF129AF7CC3008BF061 /* AllergyCheck */ = {
			isa = PBXNativeTarget;
			buildConfigurationList = 7F1DAB0029AF7CC5008BF061 /* Build configuration list for PBXNativeTarget "AllergyCheck" */;
			buildPhases = (
				7F1DAAEE29AF7CC3008BF061 /* Sources */,
				7F1DAAEF29AF7CC3008BF061 /* Frameworks */,
				7F1DAAF029AF7CC3008BF061 /* Resources */,
			);
			buildRules = (
			);
			dependencies = (
			);
			name = AllergyCheck;
			productName = AllergyCheck;
			productReference = 7F1DAAF229AF7CC3008BF061 /* AllergyCheck.app */;
			productType = "com.apple.product-type.application";
		};
/* End PBXNativeTarget section */

/* Begin PBXProject section */
		7F1DAAEA29AF7CC3008BF061 /* Project object */ = {
			isa = PBXProject;
			attributes = {
				BuildIndependentTargetsInParallel = 1;
				LastSwiftUpdateCheck = 1420;
				LastUpgradeCheck = 1420;
				TargetAttributes = {
					7F1DAAF129AF7CC3008BF061 = {
						CreatedOnToolsVersion = 14.2;
					};
				};
			};
			buildConfigurationList = 7F1DAAED29AF7CC3008BF061 /* Build configuration list for PBXProject "AllergyCheck" */;
			compatibilityVersion = "Xcode 14.0";
			developmentRegion = en;
			hasScannedForEncodings = 0;
			knownRegions = (
				en,
				Base,
			);
			mainGroup = 7F1DAAE929AF7CC3008BF061;
			productRefGroup = 7F1DAAF329AF7CC3008BF061 /* Products */;
			projectDirPath = "";
			projectRoot = "";
			targets = (
				7F1DAAF129AF7CC3008BF061 /* AllergyCheck */,
			);
		};
/* End PBXProject section */

/* Begin PBXResourcesBuildPhase section */
		7F1DAAF029AF7CC3008BF061 /* Resources */ = {
			isa = PBXResourcesBuildPhase;
			buildActionMask = 2147483647;
			files = (
				7F53D4ED29B5EE7A00B49667 /* allergies.json in Resources */,
				7F6108EC29B763F7005422CD /* products.json in Resources */,
				A22F8C8229B867C000BCB95B /* SwitchAOff.aif in Resources */,
				7F1DAAFD29AF7CC5008BF061 /* Preview Assets.xcassets in Resources */,
				7F1DAAFA29AF7CC5008BF061 /* Assets.xcassets in Resources */,
				A22F8C8329B867C000BCB95B /* SwitchAOn.aif in Resources */,
			);
			runOnlyForDeploymentPostprocessing = 0;
		};
/* End PBXResourcesBuildPhase section */

/* Begin PBXSourcesBuildPhase section */
		7F1DAAEE29AF7CC3008BF061 /* Sources */ = {
			isa = PBXSourcesBuildPhase;
			buildActionMask = 2147483647;
			files = (
				A22F8C8529B867D400BCB95B /* PlaySound.swift in Sources */,
				7F6108F229B77375005422CD /* MainView.swift in Sources */,
				7F6108E829B72A70005422CD /* Allergy.swift in Sources */,
				A22F8C8929B867EA00BCB95B /* SettingsView.swift in Sources */,
				7F6108EA29B72C93005422CD /* Bundle-Decode.swift in Sources */,
				7F1DAAF829AF7CC3008BF061 /* ContentView.swift in Sources */,
				7F0EA8CC29B5DD97002B4B1D /* AllergySelectionView.swift in Sources */,
				7F1DAAF629AF7CC3008BF061 /* AllergyCheckApp.swift in Sources */,
				A22F8C8B29B867FD00BCB95B /* AllergySettingsView.swift in Sources */,
			);
			runOnlyForDeploymentPostprocessing = 0;
		};
/* End PBXSourcesBuildPhase section */

/* Begin XCBuildConfiguration section */
		7F1DAAFE29AF7CC5008BF061 /* Debug */ = {
			isa = XCBuildConfiguration;
			buildSettings = {
				ALWAYS_SEARCH_USER_PATHS = NO;
				CLANG_ANALYZER_NONNULL = YES;
				CLANG_ANALYZER_NUMBER_OBJECT_CONVERSION = YES_AGGRESSIVE;
				CLANG_CXX_LANGUAGE_STANDARD = "gnu++20";
				CLANG_ENABLE_MODULES = YES;
				CLANG_ENABLE_OBJC_ARC = YES;
				CLANG_ENABLE_OBJC_WEAK = YES;
				CLANG_WARN_BLOCK_CAPTURE_AUTORELEASING = YES;
				CLANG_WARN_BOOL_CONVERSION = YES;
				CLANG_WARN_COMMA = YES;
				CLANG_WARN_CONSTANT_CONVERSION = YES;
				CLANG_WARN_DEPRECATED_OBJC_IMPLEMENTATIONS = YES;
				CLANG_WARN_DIRECT_OBJC_ISA_USAGE = YES_ERROR;
				CLANG_WARN_DOCUMENTATION_COMMENTS = YES;
				CLANG_WARN_EMPTY_BODY = YES;
				CLANG_WARN_ENUM_CONVERSION = YES;
				CLANG_WARN_INFINITE_RECURSION = YES;
				CLANG_WARN_INT_CONVERSION = YES;
				CLANG_WARN_NON_LITERAL_NULL_CONVERSION = YES;
				CLANG_WARN_OBJC_IMPLICIT_RETAIN_SELF = YES;
				CLANG_WARN_OBJC_LITERAL_CONVERSION = YES;
				CLANG_WARN_OBJC_ROOT_CLASS = YES_ERROR;
				CLANG_WARN_QUOTED_INCLUDE_IN_FRAMEWORK_HEADER = YES;
				CLANG_WARN_RANGE_LOOP_ANALYSIS = YES;
				CLANG_WARN_STRICT_PROTOTYPES = YES;
				CLANG_WARN_SUSPICIOUS_MOVE = YES;
				CLANG_WARN_UNGUARDED_AVAILABILITY = YES_AGGRESSIVE;
				CLANG_WARN_UNREACHABLE_CODE = YES;
				CLANG_WARN__DUPLICATE_METHOD_MATCH = YES;
				COPY_PHASE_STRIP = NO;
				DEBUG_INFORMATION_FORMAT = dwarf;
				ENABLE_STRICT_OBJC_MSGSEND = YES;
				ENABLE_TESTABILITY = YES;
				GCC_C_LANGUAGE_STANDARD = gnu11;
				GCC_DYNAMIC_NO_PIC = NO;
				GCC_NO_COMMON_BLOCKS = YES;
				GCC_OPTIMIZATION_LEVEL = 0;
				GCC_PREPROCESSOR_DEFINITIONS = (
					"DEBUG=1",
					"$(inherited)",
				);
				GCC_WARN_64_TO_32_BIT_CONVERSION = YES;
				GCC_WARN_ABOUT_RETURN_TYPE = YES_ERROR;
				GCC_WARN_UNDECLARED_SELECTOR = YES;
				GCC_WARN_UNINITIALIZED_AUTOS = YES_AGGRESSIVE;
				GCC_WARN_UNUSED_FUNCTION = YES;
				GCC_WARN_UNUSED_VARIABLE = YES;
				IPHONEOS_DEPLOYMENT_TARGET = 16.2;
				MTL_ENABLE_DEBUG_INFO = INCLUDE_SOURCE;
				MTL_FAST_MATH = YES;
				ONLY_ACTIVE_ARCH = YES;
				SDKROOT = iphoneos;
				SWIFT_ACTIVE_COMPILATION_CONDITIONS = DEBUG;
				SWIFT_OPTIMIZATION_LEVEL = "-Onone";
			};
			name = Debug;
		};
		7F1DAAFF29AF7CC5008BF061 /* Release */ = {
			isa = XCBuildConfiguration;
			buildSettings = {
				ALWAYS_SEARCH_USER_PATHS = NO;
				CLANG_ANALYZER_NONNULL = YES;
				CLANG_ANALYZER_NUMBER_OBJECT_CONVERSION = YES_AGGRESSIVE;
				CLANG_CXX_LANGUAGE_STANDARD = "gnu++20";
				CLANG_ENABLE_MODULES = YES;
				CLANG_ENABLE_OBJC_ARC = YES;
				CLANG_ENABLE_OBJC_WEAK = YES;
				CLANG_WARN_BLOCK_CAPTURE_AUTORELEASING = YES;
				CLANG_WARN_BOOL_CONVERSION = YES;
				CLANG_WARN_COMMA = YES;
				CLANG_WARN_CONSTANT_CONVERSION = YES;
				CLANG_WARN_DEPRECATED_OBJC_IMPLEMENTATIONS = YES;
				CLANG_WARN_DIRECT_OBJC_ISA_USAGE = YES_ERROR;
				CLANG_WARN_DOCUMENTATION_COMMENTS = YES;
				CLANG_WARN_EMPTY_BODY = YES;
				CLANG_WARN_ENUM_CONVERSION = YES;
				CLANG_WARN_INFINITE_RECURSION = YES;
				CLANG_WARN_INT_CONVERSION = YES;
				CLANG_WARN_NON_LITERAL_NULL_CONVERSION = YES;
				CLANG_WARN_OBJC_IMPLICIT_RETAIN_SELF = YES;
				CLANG_WARN_OBJC_LITERAL_CONVERSION = YES;
				CLANG_WARN_OBJC_ROOT_CLASS = YES_ERROR;
				CLANG_WARN_QUOTED_INCLUDE_IN_FRAMEWORK_HEADER = YES;
				CLANG_WARN_RANGE_LOOP_ANALYSIS = YES;
				CLANG_WARN_STRICT_PROTOTYPES = YES;
				CLANG_WARN_SUSPICIOUS_MOVE = YES;
				CLANG_WARN_UNGUARDED_AVAILABILITY = YES_AGGRESSIVE;
				CLANG_WARN_UNREACHABLE_CODE = YES;
				CLANG_WARN__DUPLICATE_METHOD_MATCH = YES;
				COPY_PHASE_STRIP = NO;
				DEBUG_INFORMATION_FORMAT = "dwarf-with-dsym";
				ENABLE_NS_ASSERTIONS = NO;
				ENABLE_STRICT_OBJC_MSGSEND = YES;
				GCC_C_LANGUAGE_STANDARD = gnu11;
				GCC_NO_COMMON_BLOCKS = YES;
				GCC_WARN_64_TO_32_BIT_CONVERSION = YES;
				GCC_WARN_ABOUT_RETURN_TYPE = YES_ERROR;
				GCC_WARN_UNDECLARED_SELECTOR = YES;
				GCC_WARN_UNINITIALIZED_AUTOS = YES_AGGRESSIVE;
				GCC_WARN_UNUSED_FUNCTION = YES;
				GCC_WARN_UNUSED_VARIABLE = YES;
				IPHONEOS_DEPLOYMENT_TARGET = 16.2;
				MTL_ENABLE_DEBUG_INFO = NO;
				MTL_FAST_MATH = YES;
				SDKROOT = iphoneos;
				SWIFT_COMPILATION_MODE = wholemodule;
				SWIFT_OPTIMIZATION_LEVEL = "-O";
				VALIDATE_PRODUCT = YES;
			};
			name = Release;
		};
		7F1DAB0129AF7CC5008BF061 /* Debug */ = {
			isa = XCBuildConfiguration;
			buildSettings = {
				ASSETCATALOG_COMPILER_APPICON_NAME = AppIcon;
				ASSETCATALOG_COMPILER_GLOBAL_ACCENT_COLOR_NAME = AccentColor;
				CODE_SIGN_STYLE = Automatic;
				CURRENT_PROJECT_VERSION = 1;
				DEVELOPMENT_ASSET_PATHS = "\"AllergyCheck/Preview Content\"";
				DEVELOPMENT_TEAM = H6M7683547;
				ENABLE_PREVIEWS = YES;
				GENERATE_INFOPLIST_FILE = YES;
				INFOPLIST_KEY_UIApplicationSceneManifest_Generation = YES;
				INFOPLIST_KEY_UIApplicationSupportsIndirectInputEvents = YES;
				INFOPLIST_KEY_UILaunchScreen_Generation = YES;
				INFOPLIST_KEY_UISupportedInterfaceOrientations_iPad = "UIInterfaceOrientationPortrait UIInterfaceOrientationPortraitUpsideDown UIInterfaceOrientationLandscapeLeft UIInterfaceOrientationLandscapeRight";
				INFOPLIST_KEY_UISupportedInterfaceOrientations_iPhone = "UIInterfaceOrientationPortrait UIInterfaceOrientationLandscapeLeft UIInterfaceOrientationLandscapeRight";
				LD_RUNPATH_SEARCH_PATHS = (
					"$(inherited)",
					"@executable_path/Frameworks",
				);
				MARKETING_VERSION = 1.0;
				PRODUCT_BUNDLE_IDENTIFIER = nl.fontys.allergycheck.AllergyCheck;
				PRODUCT_NAME = "$(TARGET_NAME)";
				SWIFT_EMIT_LOC_STRINGS = YES;
				SWIFT_VERSION = 5.0;
				TARGETED_DEVICE_FAMILY = "1,2";
			};
			name = Debug;
		};
		7F1DAB0229AF7CC5008BF061 /* Release */ = {
			isa = XCBuildConfiguration;
			buildSettings = {
				ASSETCATALOG_COMPILER_APPICON_NAME = AppIcon;
				ASSETCATALOG_COMPILER_GLOBAL_ACCENT_COLOR_NAME = AccentColor;
				CODE_SIGN_STYLE = Automatic;
				CURRENT_PROJECT_VERSION = 1;
				DEVELOPMENT_ASSET_PATHS = "\"AllergyCheck/Preview Content\"";
				DEVELOPMENT_TEAM = H6M7683547;
				ENABLE_PREVIEWS = YES;
				GENERATE_INFOPLIST_FILE = YES;
				INFOPLIST_KEY_UIApplicationSceneManifest_Generation = YES;
				INFOPLIST_KEY_UIApplicationSupportsIndirectInputEvents = YES;
				INFOPLIST_KEY_UILaunchScreen_Generation = YES;
				INFOPLIST_KEY_UISupportedInterfaceOrientations_iPad = "UIInterfaceOrientationPortrait UIInterfaceOrientationPortraitUpsideDown UIInterfaceOrientationLandscapeLeft UIInterfaceOrientationLandscapeRight";
				INFOPLIST_KEY_UISupportedInterfaceOrientations_iPhone = "UIInterfaceOrientationPortrait UIInterfaceOrientationLandscapeLeft UIInterfaceOrientationLandscapeRight";
				LD_RUNPATH_SEARCH_PATHS = (
					"$(inherited)",
					"@executable_path/Frameworks",
				);
				MARKETING_VERSION = 1.0;
				PRODUCT_BUNDLE_IDENTIFIER = nl.fontys.allergycheck.AllergyCheck;
				PRODUCT_NAME = "$(TARGET_NAME)";
				SWIFT_EMIT_LOC_STRINGS = YES;
				SWIFT_VERSION = 5.0;
				TARGETED_DEVICE_FAMILY = "1,2";
			};
			name = Release;
		};
/* End XCBuildConfiguration section */

/* Begin XCConfigurationList section */
		7F1DAAED29AF7CC3008BF061 /* Build configuration list for PBXProject "AllergyCheck" */ = {
			isa = XCConfigurationList;
			buildConfigurations = (
				7F1DAAFE29AF7CC5008BF061 /* Debug */,
				7F1DAAFF29AF7CC5008BF061 /* Release */,
			);
			defaultConfigurationIsVisible = 0;
			defaultConfigurationName = Release;
		};
		7F1DAB0029AF7CC5008BF061 /* Build configuration list for PBXNativeTarget "AllergyCheck" */ = {
			isa = XCConfigurationList;
			buildConfigurations = (
				7F1DAB0129AF7CC5008BF061 /* Debug */,
				7F1DAB0229AF7CC5008BF061 /* Release */,
			);
			defaultConfigurationIsVisible = 0;
			defaultConfigurationName = Release;
		};
/* End XCConfigurationList section */
	};
	rootObject = 7F1DAAEA29AF7CC3008BF061 /* Project object */;
}
